
Microsoft Visual Studio Solution File, Format Version 12.00
# Visual Studio Version 17
VisualStudioVersion = 17.0.31903.59
MinimumVisualStudioVersion = 10.0.40219.1
Project("{2150E333-8FDC-42A3-9474-1A3956D46DE8}") = "services", "services", "{84AE66A0-F55D-4393-AAC1-D56F1C3E45D6}"
EndProject
Project("{FAE04EC0-301F-11D3-BF4B-00C04F79EFBC}") = "IdentityService", "services\IdentityService\IdentityService.csproj", "{F73AEEE0-EE0F-48F9-8DB1-8874A68F4F65}"
EndProject
Project("{FAE04EC0-301F-11D3-BF4B-00C04F79EFBC}") = "CandidateService", "services\CandidateService\CandidateService.csproj", "{C3C454E4-78CD-42C5-AB86-2BF94B5E47DC}"
EndProject
Project("{FAE04EC0-301F-11D3-BF4B-00C04F79EFBC}") = "CompanyService", "services\CompanyService\CompanyService.csproj", "{4BBB8369-2CB0-4A85-9E16-E13E77C0BA5E}"
EndProject
Project("{FAE04EC0-301F-11D3-BF4B-00C04F79EFBC}") = "ApplicationService", "services\ApplicationService\ApplicationService.csproj", "{2A4C0568-CD7E-42B1-B820-8CD83AA07378}"
EndProject
Project("{FAE04EC0-301F-11D3-BF4B-00C04F79EFBC}") = "QuizService", "services\QuizService\QuizService.csproj", "{195E1CB6-9984-4F13-80CD-B4179555E6BB}"
EndProject
Project("{FAE04EC0-301F-11D3-BF4B-00C04F79EFBC}") = "MatchingService", "services\MatchingService\MatchingService.csproj", "{1A80A73F-5CA3-408C-81FD-84C867E917C6}"
EndProject
Project("{FAE04EC0-301F-11D3-BF4B-00C04F79EFBC}") = "NotificationService", "services\NotificationService\NotificationService.csproj", "{4A1647B2-0236-48E4-82D9-7F956ADBAF20}"
EndProject
Project("{2150E333-8FDC-42A3-9474-1A3956D46DE8}") = "gateway", "gateway", "{F13E577A-52BE-4982-9D64-51701F371FAE}"
EndProject
Project("{FAE04EC0-301F-11D3-BF4B-00C04F79EFBC}") = "ApiGateway", "gateway\ApiGateway\ApiGateway.csproj", "{BDE82C6E-7837-4C72-9450-B9B707A43443}"
EndProject
Project("{2150E333-8FDC-42A3-9474-1A3956D46DE8}") = "tests", "tests", "{95C95BA6-3843-465A-90CF-2BEDD0E7B689}"
EndProject
Project("{2150E333-8FDC-42A3-9474-1A3956D46DE8}") = "UnitTests", "UnitTests", "{B18C4054-83A9-4BCB-AC1E-AE5CF4A74755}"
EndProject
Project("{FAE04EC0-301F-11D3-BF4B-00C04F79EFBC}") = "IdentityService.UnitTests", "tests\UnitTests\IdentityService.UnitTests\IdentityService.UnitTests.csproj", "{C680A24D-87E2-4A59-8878-46AAAB1520A6}"
EndProject
Project("{FAE04EC0-301F-11D3-BF4B-00C04F79EFBC}") = "CandidateService.UnitTests", "tests\UnitTests\CandidateService.UnitTests\CandidateService.UnitTests.csproj", "{EEFB16EE-F73A-4EED-8B72-51D0A6B2422A}"
EndProject
Project("{FAE04EC0-301F-11D3-BF4B-00C04F79EFBC}") = "CompanyService.UnitTests", "tests\UnitTests\CompanyService.UnitTests\CompanyService.UnitTests.csproj", "{A8F83C6F-8A46-4765-97E3-0432310D1D26}"
EndProject
Project("{FAE04EC0-301F-11D3-BF4B-00C04F79EFBC}") = "ApplicationService.UnitTests", "tests\UnitTests\ApplicationService.UnitTests\ApplicationService.UnitTests.csproj", "{B04C7C08-0596-46E4-B92E-FC02DFE2696D}"
EndProject
Project("{FAE04EC0-301F-11D3-BF4B-00C04F79EFBC}") = "QuizService.UnitTests", "tests\UnitTests\QuizService.UnitTests\QuizService.UnitTests.csproj", "{0050A291-7F85-4344-9F51-1B2E2A20FB68}"
EndProject
Project("{FAE04EC0-301F-11D3-BF4B-00C04F79EFBC}") = "MatchingService.UnitTests", "tests\UnitTests\MatchingService.UnitTests\MatchingService.UnitTests.csproj", "{586EEBCF-1058-4A4B-AD5E-7FA5167BD4BC}"
EndProject
Project("{FAE04EC0-301F-11D3-BF4B-00C04F79EFBC}") = "NotificationService.UnitTests", "tests\UnitTests\NotificationService.UnitTests\NotificationService.UnitTests.csproj", "{CEEF27E7-B130-45FF-A4F5-E188D0DC7706}"
EndProject
Global
	GlobalSection(SolutionConfigurationPlatforms) = preSolution
		Debug|Any CPU = Debug|Any CPU
		Release|Any CPU = Release|Any CPU
	EndGlobalSection
	GlobalSection(SolutionProperties) = preSolution
		HideSolutionNode = FALSE
	EndGlobalSection
	GlobalSection(ProjectConfigurationPlatforms) = postSolution
		{F73AEEE0-EE0F-48F9-8DB1-8874A68F4F65}.Debug|Any CPU.ActiveCfg = Debug|Any CPU
		{F73AEEE0-EE0F-48F9-8DB1-8874A68F4F65}.Debug|Any CPU.Build.0 = Debug|Any CPU
		{F73AEEE0-EE0F-48F9-8DB1-8874A68F4F65}.Release|Any CPU.ActiveCfg = Release|Any CPU
		{F73AEEE0-EE0F-48F9-8DB1-8874A68F4F65}.Release|Any CPU.Build.0 = Release|Any CPU
		{C3C454E4-78CD-42C5-AB86-2BF94B5E47DC}.Debug|Any CPU.ActiveCfg = Debug|Any CPU
		{C3C454E4-78CD-42C5-AB86-2BF94B5E47DC}.Debug|Any CPU.Build.0 = Debug|Any CPU
		{C3C454E4-78CD-42C5-AB86-2BF94B5E47DC}.Release|Any CPU.ActiveCfg = Release|Any CPU
		{C3C454E4-78CD-42C5-AB86-2BF94B5E47DC}.Release|Any CPU.Build.0 = Release|Any CPU
		{4BBB8369-2CB0-4A85-9E16-E13E77C0BA5E}.Debug|Any CPU.ActiveCfg = Debug|Any CPU
		{4BBB8369-2CB0-4A85-9E16-E13E77C0BA5E}.Debug|Any CPU.Build.0 = Debug|Any CPU
		{4BBB8369-2CB0-4A85-9E16-E13E77C0BA5E}.Release|Any CPU.ActiveCfg = Release|Any CPU
		{4BBB8369-2CB0-4A85-9E16-E13E77C0BA5E}.Release|Any CPU.Build.0 = Release|Any CPU
		{2A4C0568-CD7E-42B1-B820-8CD83AA07378}.Debug|Any CPU.ActiveCfg = Debug|Any CPU
		{2A4C0568-CD7E-42B1-B820-8CD83AA07378}.Debug|Any CPU.Build.0 = Debug|Any CPU
		{2A4C0568-CD7E-42B1-B820-8CD83AA07378}.Release|Any CPU.ActiveCfg = Release|Any CPU
		{2A4C0568-CD7E-42B1-B820-8CD83AA07378}.Release|Any CPU.Build.0 = Release|Any CPU
		{195E1CB6-9984-4F13-80CD-B4179555E6BB}.Debug|Any CPU.ActiveCfg = Debug|Any CPU
		{195E1CB6-9984-4F13-80CD-B4179555E6BB}.Debug|Any CPU.Build.0 = Debug|Any CPU
		{195E1CB6-9984-4F13-80CD-B4179555E6BB}.Release|Any CPU.ActiveCfg = Release|Any CPU
		{195E1CB6-9984-4F13-80CD-B4179555E6BB}.Release|Any CPU.Build.0 = Release|Any CPU
		{1A80A73F-5CA3-408C-81FD-84C867E917C6}.Debug|Any CPU.ActiveCfg = Debug|Any CPU
		{1A80A73F-5CA3-408C-81FD-84C867E917C6}.Debug|Any CPU.Build.0 = Debug|Any CPU
		{1A80A73F-5CA3-408C-81FD-84C867E917C6}.Release|Any CPU.ActiveCfg = Release|Any CPU
		{1A80A73F-5CA3-408C-81FD-84C867E917C6}.Release|Any CPU.Build.0 = Release|Any CPU
		{4A1647B2-0236-48E4-82D9-7F956ADBAF20}.Debug|Any CPU.ActiveCfg = Debug|Any CPU
		{4A1647B2-0236-48E4-82D9-7F956ADBAF20}.Debug|Any CPU.Build.0 = Debug|Any CPU
		{4A1647B2-0236-48E4-82D9-7F956ADBAF20}.Release|Any CPU.ActiveCfg = Release|Any CPU
		{4A1647B2-0236-48E4-82D9-7F956ADBAF20}.Release|Any CPU.Build.0 = Release|Any CPU
		{BDE82C6E-7837-4C72-9450-B9B707A43443}.Debug|Any CPU.ActiveCfg = Debug|Any CPU
		{BDE82C6E-7837-4C72-9450-B9B707A43443}.Debug|Any CPU.Build.0 = Debug|Any CPU
		{BDE82C6E-7837-4C72-9450-B9B707A43443}.Release|Any CPU.ActiveCfg = Release|Any CPU
		{BDE82C6E-7837-4C72-9450-B9B707A43443}.Release|Any CPU.Build.0 = Release|Any CPU
		{C680A24D-87E2-4A59-8878-46AAAB1520A6}.Debug|Any CPU.ActiveCfg = Debug|Any CPU
		{C680A24D-87E2-4A59-8878-46AAAB1520A6}.Debug|Any CPU.Build.0 = Debug|Any CPU
		{C680A24D-87E2-4A59-8878-46AAAB1520A6}.Release|Any CPU.ActiveCfg = Release|Any CPU
		{C680A24D-87E2-4A59-8878-46AAAB1520A6}.Release|Any CPU.Build.0 = Release|Any CPU
		{EEFB16EE-F73A-4EED-8B72-51D0A6B2422A}.Debug|Any CPU.ActiveCfg = Debug|Any CPU
		{EEFB16EE-F73A-4EED-8B72-51D0A6B2422A}.Debug|Any CPU.Build.0 = Debug|Any CPU
		{EEFB16EE-F73A-4EED-8B72-51D0A6B2422A}.Release|Any CPU.ActiveCfg = Release|Any CPU
		{EEFB16EE-F73A-4EED-8B72-51D0A6B2422A}.Release|Any CPU.Build.0 = Release|Any CPU
		{A8F83C6F-8A46-4765-97E3-0432310D1D26}.Debug|Any CPU.ActiveCfg = Debug|Any CPU
		{A8F83C6F-8A46-4765-97E3-0432310D1D26}.Debug|Any CPU.Build.0 = Debug|Any CPU
		{A8F83C6F-8A46-4765-97E3-0432310D1D26}.Release|Any CPU.ActiveCfg = Release|Any CPU
		{A8F83C6F-8A46-4765-97E3-0432310D1D26}.Release|Any CPU.Build.0 = Release|Any CPU
		{B04C7C08-0596-46E4-B92E-FC02DFE2696D}.Debug|Any CPU.ActiveCfg = Debug|Any CPU
		{B04C7C08-0596-46E4-B92E-FC02DFE2696D}.Debug|Any CPU.Build.0 = Debug|Any CPU
		{B04C7C08-0596-46E4-B92E-FC02DFE2696D}.Release|Any CPU.ActiveCfg = Release|Any CPU
		{B04C7C08-0596-46E4-B92E-FC02DFE2696D}.Release|Any CPU.Build.0 = Release|Any CPU
		{0050A291-7F85-4344-9F51-1B2E2A20FB68}.Debug|Any CPU.ActiveCfg = Debug|Any CPU
		{0050A291-7F85-4344-9F51-1B2E2A20FB68}.Debug|Any CPU.Build.0 = Debug|Any CPU
		{0050A291-7F85-4344-9F51-1B2E2A20FB68}.Release|Any CPU.ActiveCfg = Release|Any CPU
		{0050A291-7F85-4344-9F51-1B2E2A20FB68}.Release|Any CPU.Build.0 = Release|Any CPU
		{586EEBCF-1058-4A4B-AD5E-7FA5167BD4BC}.Debug|Any CPU.ActiveCfg = Debug|Any CPU
		{586EEBCF-1058-4A4B-AD5E-7FA5167BD4BC}.Debug|Any CPU.Build.0 = Debug|Any CPU
		{586EEBCF-1058-4A4B-AD5E-7FA5167BD4BC}.Release|Any CPU.ActiveCfg = Release|Any CPU
		{586EEBCF-1058-4A4B-AD5E-7FA5167BD4BC}.Release|Any CPU.Build.0 = Release|Any CPU
		{CEEF27E7-B130-45FF-A4F5-E188D0DC7706}.Debug|Any CPU.ActiveCfg = Debug|Any CPU
		{CEEF27E7-B130-45FF-A4F5-E188D0DC7706}.Debug|Any CPU.Build.0 = Debug|Any CPU
		{CEEF27E7-B130-45FF-A4F5-E188D0DC7706}.Release|Any CPU.ActiveCfg = Release|Any CPU
		{CEEF27E7-B130-45FF-A4F5-E188D0DC7706}.Release|Any CPU.Build.0 = Release|Any CPU
	EndGlobalSection
	GlobalSection(NestedProjects) = preSolution
		{F73AEEE0-EE0F-48F9-8DB1-8874A68F4F65} = {84AE66A0-F55D-4393-AAC1-D56F1C3E45D6}
		{C3C454E4-78CD-42C5-AB86-2BF94B5E47DC} = {84AE66A0-F55D-4393-AAC1-D56F1C3E45D6}
		{4BBB8369-2CB0-4A85-9E16-E13E77C0BA5E} = {84AE66A0-F55D-4393-AAC1-D56F1C3E45D6}
		{2A4C0568-CD7E-42B1-B820-8CD83AA07378} = {84AE66A0-F55D-4393-AAC1-D56F1C3E45D6}
		{195E1CB6-9984-4F13-80CD-B4179555E6BB} = {84AE66A0-F55D-4393-AAC1-D56F1C3E45D6}
		{1A80A73F-5CA3-408C-81FD-84C867E917C6} = {84AE66A0-F55D-4393-AAC1-D56F1C3E45D6}
		{4A1647B2-0236-48E4-82D9-7F956ADBAF20} = {84AE66A0-F55D-4393-AAC1-D56F1C3E45D6}
		{BDE82C6E-7837-4C72-9450-B9B707A43443} = {F13E577A-52BE-4982-9D64-51701F371FAE}
		{B18C4054-83A9-4BCB-AC1E-AE5CF4A74755} = {95C95BA6-3843-465A-90CF-2BEDD0E7B689}
		{C680A24D-87E2-4A59-8878-46AAAB1520A6} = {B18C4054-83A9-4BCB-AC1E-AE5CF4A74755}
		{EEFB16EE-F73A-4EED-8B72-51D0A6B2422A} = {B18C4054-83A9-4BCB-AC1E-AE5CF4A74755}
		{A8F83C6F-8A46-4765-97E3-0432310D1D26} = {B18C4054-83A9-4BCB-AC1E-AE5CF4A74755}
		{B04C7C08-0596-46E4-B92E-FC02DFE2696D} = {B18C4054-83A9-4BCB-AC1E-AE5CF4A74755}
		{0050A291-7F85-4344-9F51-1B2E2A20FB68} = {B18C4054-83A9-4BCB-AC1E-AE5CF4A74755}
		{586EEBCF-1058-4A4B-AD5E-7FA5167BD4BC} = {B18C4054-83A9-4BCB-AC1E-AE5CF4A74755}
		{CEEF27E7-B130-45FF-A4F5-E188D0DC7706} = {B18C4054-83A9-4BCB-AC1E-AE5CF4A74755}
	EndGlobalSection
EndGlobal
