
Microsoft Visual Studio Solution File, Format Version 12.00
# Visual Studio Version 17
VisualStudioVersion = 17.0.31903.59
MinimumVisualStudioVersion = 10.0.40219.1
Project("{2150E333-8FDC-42A3-9474-1A3956D46DE8}") = "services", "services", "{84AE66A0-F55D-4393-AAC1-D56F1C3E45D6}"
EndProject
Project("{FAE04EC0-301F-11D3-BF4B-00C04F79EFBC}") = "IdentityService", "services\IdentityService\IdentityService.csproj", "{F73AEEE0-EE0F-48F9-8DB1-8874A68F4F65}"
EndProject
Project("{FAE04EC0-301F-11D3-BF4B-00C04F79EFBC}") = "CandidateService", "services\CandidateService\CandidateService.csproj", "{C3C454E4-78CD-42C5-AB86-2BF94B5E47DC}"
EndProject
Project("{FAE04EC0-301F-11D3-BF4B-00C04F79EFBC}") = "CompanyService", "services\CompanyService\CompanyService.csproj", "{4BBB8369-2CB0-4A85-9E16-E13E77C0BA5E}"
EndProject
Project("{FAE04EC0-301F-11D3-BF4B-00C04F79EFBC}") = "ApplicationService", "services\ApplicationService\ApplicationService.csproj", "{2A4C0568-CD7E-42B1-B820-8CD83AA07378}"
EndProject
Project("{FAE04EC0-301F-11D3-BF4B-00C04F79EFBC}") = "QuizService", "services\QuizService\QuizService.csproj", "{195E1CB6-9984-4F13-80CD-B4179555E6BB}"
EndProject
Global
	GlobalSection(SolutionConfigurationPlatforms) = preSolution
		Debug|Any CPU = Debug|Any CPU
		Release|Any CPU = Release|Any CPU
	EndGlobalSection
	GlobalSection(SolutionProperties) = preSolution
		HideSolutionNode = FALSE
	EndGlobalSection
	GlobalSection(ProjectConfigurationPlatforms) = postSolution
		{F73AEEE0-EE0F-48F9-8DB1-8874A68F4F65}.Debug|Any CPU.ActiveCfg = Debug|Any CPU
		{F73AEEE0-EE0F-48F9-8DB1-8874A68F4F65}.Debug|Any CPU.Build.0 = Debug|Any CPU
		{F73AEEE0-EE0F-48F9-8DB1-8874A68F4F65}.Release|Any CPU.ActiveCfg = Release|Any CPU
		{F73AEEE0-EE0F-48F9-8DB1-8874A68F4F65}.Release|Any CPU.Build.0 = Release|Any CPU
		{C3C454E4-78CD-42C5-AB86-2BF94B5E47DC}.Debug|Any CPU.ActiveCfg = Debug|Any CPU
		{C3C454E4-78CD-42C5-AB86-2BF94B5E47DC}.Debug|Any CPU.Build.0 = Debug|Any CPU
		{C3C454E4-78CD-42C5-AB86-2BF94B5E47DC}.Release|Any CPU.ActiveCfg = Release|Any CPU
		{C3C454E4-78CD-42C5-AB86-2BF94B5E47DC}.Release|Any CPU.Build.0 = Release|Any CPU
		{4BBB8369-2CB0-4A85-9E16-E13E77C0BA5E}.Debug|Any CPU.ActiveCfg = Debug|Any CPU
		{4BBB8369-2CB0-4A85-9E16-E13E77C0BA5E}.Debug|Any CPU.Build.0 = Debug|Any CPU
		{4BBB8369-2CB0-4A85-9E16-E13E77C0BA5E}.Release|Any CPU.ActiveCfg = Release|Any CPU
		{4BBB8369-2CB0-4A85-9E16-E13E77C0BA5E}.Release|Any CPU.Build.0 = Release|Any CPU
		{2A4C0568-CD7E-42B1-B820-8CD83AA07378}.Debug|Any CPU.ActiveCfg = Debug|Any CPU
		{2A4C0568-CD7E-42B1-B820-8CD83AA07378}.Debug|Any CPU.Build.0 = Debug|Any CPU
		{2A4C0568-CD7E-42B1-B820-8CD83AA07378}.Release|Any CPU.ActiveCfg = Release|Any CPU
		{2A4C0568-CD7E-42B1-B820-8CD83AA07378}.Release|Any CPU.Build.0 = Release|Any CPU
		{195E1CB6-9984-4F13-80CD-B4179555E6BB}.Debug|Any CPU.ActiveCfg = Debug|Any CPU
		{195E1CB6-9984-4F13-80CD-B4179555E6BB}.Debug|Any CPU.Build.0 = Debug|Any CPU
		{195E1CB6-9984-4F13-80CD-B4179555E6BB}.Release|Any CPU.ActiveCfg = Release|Any CPU
		{195E1CB6-9984-4F13-80CD-B4179555E6BB}.Release|Any CPU.Build.0 = Release|Any CPU
	EndGlobalSection
	GlobalSection(NestedProjects) = preSolution
		{F73AEEE0-EE0F-48F9-8DB1-8874A68F4F65} = {84AE66A0-F55D-4393-AAC1-D56F1C3E45D6}
		{C3C454E4-78CD-42C5-AB86-2BF94B5E47DC} = {84AE66A0-F55D-4393-AAC1-D56F1C3E45D6}
		{4BBB8369-2CB0-4A85-9E16-E13E77C0BA5E} = {84AE66A0-F55D-4393-AAC1-D56F1C3E45D6}
		{2A4C0568-CD7E-42B1-B820-8CD83AA07378} = {84AE66A0-F55D-4393-AAC1-D56F1C3E45D6}
		{195E1CB6-9984-4F13-80CD-B4179555E6BB} = {84AE66A0-F55D-4393-AAC1-D56F1C3E45D6}
	EndGlobalSection
EndGlobal
